
Microsoft Visual Studio Solution File, Format Version 12.00
# Visual Studio Version 16
VisualStudioVersion = 16.0.29709.97
MinimumVisualStudioVersion = 10.0.40219.1
Project("{FAE04EC0-301F-11D3-BF4B-00C04F79EFBC}") = "Image", "Image.csproj", "{7A482723-7CF2-496B-BCCB-D64D1F61CA81}"
EndProject
Global
	GlobalSection(SolutionConfigurationPlatforms) = preSolution
		Debug|Any CPU = Debug|Any CPU
		Release|Any CPU = Release|Any CPU
	EndGlobalSection
	GlobalSection(ProjectConfigurationPlatforms) = postSolution
		{7A482723-7CF2-496B-BCCB-D64D1F61CA81}.Debug|Any CPU.ActiveCfg = Debug|Any CPU
		{7A482723-7CF2-496B-BCCB-D64D1F61CA81}.Debug|Any CPU.Build.0 = Debug|Any CPU
		{7A482723-7CF2-496B-BCCB-D64D1F61CA81}.Release|Any CPU.ActiveCfg = Release|Any CPU
		{7A482723-7CF2-496B-BCCB-D64D1F61CA81}.Release|Any CPU.Build.0 = Release|Any CPU
	EndGlobalSection
	GlobalSection(SolutionProperties) = preSolution
		HideSolutionNode = FALSE
	EndGlobalSection
	GlobalSection(ExtensibilityGlobals) = postSolution
		SolutionGuid = {9D59136F-5796-4ACE-A1A2-701EA2C666CD}
	EndGlobalSection
EndGlobal
